
Microsoft Visual Studio Solution File, Format Version 12.00
# Visual Studio Version 16
VisualStudioVersion = 16.0.30523.141
MinimumVisualStudioVersion = 10.0.40219.1
Project("{9A19103F-16F7-4668-BE54-9A1E7A4F7556}") = "XeroProducts.API", "XeroProducts\XeroProducts.API.csproj", "{11B287D2-1B91-4D4F-89CA-7245A92B3E52}"
EndProject
Project("{9A19103F-16F7-4668-BE54-9A1E7A4F7556}") = "XeroProductsTests", "XeroProductsTests\XeroProductsTests.csproj", "{186E0234-D947-4771-A15C-131357D2C203}"
EndProject
Project("{FAE04EC0-301F-11D3-BF4B-00C04F79EFBC}") = "XeroProducts.Data", "XeroProducts.Data\XeroProducts.Data.csproj", "{A0C4812B-54EB-4EF9-8D33-6EA19F556660}"
EndProject
Project("{FAE04EC0-301F-11D3-BF4B-00C04F79EFBC}") = "XeroProducts.MediatR", "XeroProducts.MediatR\XeroProducts.MediatR.csproj", "{D5C453AF-40FF-4C91-85B6-F5988CBEFF4F}"
EndProject
Global
	GlobalSection(SolutionConfigurationPlatforms) = preSolution
		Debug|Any CPU = Debug|Any CPU
		Release|Any CPU = Release|Any CPU
	EndGlobalSection
	GlobalSection(ProjectConfigurationPlatforms) = postSolution
		{11B287D2-1B91-4D4F-89CA-7245A92B3E52}.Debug|Any CPU.ActiveCfg = Debug|Any CPU
		{11B287D2-1B91-4D4F-89CA-7245A92B3E52}.Debug|Any CPU.Build.0 = Debug|Any CPU
		{11B287D2-1B91-4D4F-89CA-7245A92B3E52}.Release|Any CPU.ActiveCfg = Release|Any CPU
		{11B287D2-1B91-4D4F-89CA-7245A92B3E52}.Release|Any CPU.Build.0 = Release|Any CPU
		{186E0234-D947-4771-A15C-131357D2C203}.Debug|Any CPU.ActiveCfg = Debug|Any CPU
		{186E0234-D947-4771-A15C-131357D2C203}.Debug|Any CPU.Build.0 = Debug|Any CPU
		{186E0234-D947-4771-A15C-131357D2C203}.Release|Any CPU.ActiveCfg = Release|Any CPU
		{186E0234-D947-4771-A15C-131357D2C203}.Release|Any CPU.Build.0 = Release|Any CPU
		{A0C4812B-54EB-4EF9-8D33-6EA19F556660}.Debug|Any CPU.ActiveCfg = Debug|Any CPU
		{A0C4812B-54EB-4EF9-8D33-6EA19F556660}.Debug|Any CPU.Build.0 = Debug|Any CPU
		{A0C4812B-54EB-4EF9-8D33-6EA19F556660}.Release|Any CPU.ActiveCfg = Release|Any CPU
		{A0C4812B-54EB-4EF9-8D33-6EA19F556660}.Release|Any CPU.Build.0 = Release|Any CPU
		{D5C453AF-40FF-4C91-85B6-F5988CBEFF4F}.Debug|Any CPU.ActiveCfg = Debug|Any CPU
		{D5C453AF-40FF-4C91-85B6-F5988CBEFF4F}.Debug|Any CPU.Build.0 = Debug|Any CPU
		{D5C453AF-40FF-4C91-85B6-F5988CBEFF4F}.Release|Any CPU.ActiveCfg = Release|Any CPU
		{D5C453AF-40FF-4C91-85B6-F5988CBEFF4F}.Release|Any CPU.Build.0 = Release|Any CPU
	EndGlobalSection
	GlobalSection(SolutionProperties) = preSolution
		HideSolutionNode = FALSE
	EndGlobalSection
	GlobalSection(ExtensibilityGlobals) = postSolution
		SolutionGuid = {164A0DBC-9BC8-4CF2-972D-2ED8CD451684}
	EndGlobalSection
EndGlobal
